
Microsoft Visual Studio Solution File, Format Version 12.00
# Visual Studio Version 16
VisualStudioVersion = 16.0.29025.244
MinimumVisualStudioVersion = 10.0.40219.1
Project("{FAE04EC0-301F-11D3-BF4B-00C04F79EFBC}") = "OdeToFood", "OdeToFood\OdeToFood.csproj", "{D1C06234-A66A-4652-868D-DFE2A406477F}"
EndProject
Project("{FAE04EC0-301F-11D3-BF4B-00C04F79EFBC}") = "OdeToFood.Core", "OdeToFood.Core\OdeToFood.Core.csproj", "{47A1F4E3-DE65-4E27-B184-62FF2E900888}"
EndProject
Project("{FAE04EC0-301F-11D3-BF4B-00C04F79EFBC}") = "OdeToFood.Data", "ClassLibrary1\OdeToFood.Data.csproj", "{03F52E31-D080-4A34-AD1F-E2F12C73231E}"
EndProject
Global
	GlobalSection(SolutionConfigurationPlatforms) = preSolution
		Debug|Any CPU = Debug|Any CPU
		Release|Any CPU = Release|Any CPU
	EndGlobalSection
	GlobalSection(ProjectConfigurationPlatforms) = postSolution
		{D1C06234-A66A-4652-868D-DFE2A406477F}.Debug|Any CPU.ActiveCfg = Debug|Any CPU
		{D1C06234-A66A-4652-868D-DFE2A406477F}.Debug|Any CPU.Build.0 = Debug|Any CPU
		{D1C06234-A66A-4652-868D-DFE2A406477F}.Release|Any CPU.ActiveCfg = Release|Any CPU
		{D1C06234-A66A-4652-868D-DFE2A406477F}.Release|Any CPU.Build.0 = Release|Any CPU
		{47A1F4E3-DE65-4E27-B184-62FF2E900888}.Debug|Any CPU.ActiveCfg = Debug|Any CPU
		{47A1F4E3-DE65-4E27-B184-62FF2E900888}.Debug|Any CPU.Build.0 = Debug|Any CPU
		{47A1F4E3-DE65-4E27-B184-62FF2E900888}.Release|Any CPU.ActiveCfg = Release|Any CPU
		{47A1F4E3-DE65-4E27-B184-62FF2E900888}.Release|Any CPU.Build.0 = Release|Any CPU
		{03F52E31-D080-4A34-AD1F-E2F12C73231E}.Debug|Any CPU.ActiveCfg = Debug|Any CPU
		{03F52E31-D080-4A34-AD1F-E2F12C73231E}.Debug|Any CPU.Build.0 = Debug|Any CPU
		{03F52E31-D080-4A34-AD1F-E2F12C73231E}.Release|Any CPU.ActiveCfg = Release|Any CPU
		{03F52E31-D080-4A34-AD1F-E2F12C73231E}.Release|Any CPU.Build.0 = Release|Any CPU
	EndGlobalSection
	GlobalSection(SolutionProperties) = preSolution
		HideSolutionNode = FALSE
	EndGlobalSection
	GlobalSection(ExtensibilityGlobals) = postSolution
		SolutionGuid = {9A5CCD06-CED6-4F2A-9933-81B993B09D4B}
	EndGlobalSection
EndGlobal
